# @generated - this file is auto-generated by `mise lock` https://mise.jdx.dev/dev-tools/mise-lock.html

[[tools.actionlint]]
version = "1.7.12"
backend = "aqua:rhysd/actionlint"

[[tools.node]]
version = "22.23.2"
backend = "core:node"

[[tools."npm:@biomejs/biome"]]
version = "2.5.6"
backend = "npm:@biomejs/biome"

[[tools."npm:html-validate"]]
version = "11.6.0"
backend = "npm:html-validate"

[[tools.ruff]]
version = "0.16.0"
backend = "aqua:astral-sh/ruff"
